version = 1
revision = 3
requires-python = ">=3.9, <4"

[[package]]
name = "duckdb"
version = "1.4.0"
source = { registry = "https://pypi.org/simple" }
sdist = { url = "https://files.pythonhosted.org/packages/82/93/adc0d183642fc9a602ca9b97cb16754c84b8c1d92e5b99aec412e0c419a8/duckdb-1.4.0.tar.gz", hash = "sha256:bd5edee8bd5a73b5822f2b390668597b5fcdc2d3292c244d8d933bb87ad6ac4c", size = 18453175, upload-time = "2025-09-16T10:22:41.509Z" }
wheels = [
    { url = "https://files.pythonhosted.org/packages/0f/4a/b2e17dbe2953481b084f355f162ed319a67ef760e28794c6870058583aec/duckdb-1.4.0-cp310-cp310-macosx_10_9_universal2.whl", hash = "sha256:e24e981a6c87e299201694b9bb24fff0beb04ccad399fca6f13072a59814488f", size = 31293005, upload-time = "2025-09-16T10:21:28.296Z" },
    { url = "https://files.pythonhosted.org/packages/a9/89/e34ed03cce7e35b83c1f056126aa4e8e8097eb93e7324463020f85d5cbfa/duckdb-1.4.0-cp310-cp310-macosx_10_9_x86_64.whl", hash = "sha256:db500ef2c8cb7dc1ca078740ecf1dceaa20d3f5dc5bce269be45d5cff4170c0f", size = 17288207, upload-time = "2025-09-16T10:21:31.129Z" },
    { url = "https://files.pythonhosted.org/packages/f8/17/7ff24799ee98c4dbb177c3ec6c93e38e9513828785c31757c727b47ad71e/duckdb-1.4.0-cp310-cp310-macosx_11_0_arm64.whl", hash = "sha256:a65739b8a7106634e6e77d0e110fc5e057b88edc9df6cb1683d499a1e5aa3177", size = 14817523, upload-time = "2025-09-16T10:21:33.397Z" },
    { url = "https://files.pythonhosted.org/packages/fc/ab/7a482a76ff75212b5cf4f2172a802f2a59b4ab096416e5821aa62a305bc4/duckdb-1.4.0-cp310-cp310-manylinux_2_27_aarch64.manylinux_2_28_aarch64.whl", hash = "sha256:1d59f7be24862adb803a1ddfc9c3b8cb09e6005bca0c9c6f7c631a1da1c3aa0c", size = 18410654, upload-time = "2025-09-16T10:21:35.864Z" },
    { url = "https://files.pythonhosted.org/packages/1e/f6/a235233b973652b31448b6d600604620d02fc552b90ab94ca7f645fd5ac0/duckdb-1.4.0-cp310-cp310-manylinux_2_27_x86_64.manylinux_2_28_x86_64.whl", hash = "sha256:7d052a87e9edf4eb3bab0b7a6ac995676018c6083b8049421628dfa3b983a2d4", size = 20399121, upload-time = "2025-09-16T10:21:38.524Z" },
    { url = "https://files.pythonhosted.org/packages/b1/cf/63fedb74d00d7c4e19ffc73a1d8d98ee8d3d6498cf2865509c104aa8e799/duckdb-1.4.0-cp310-cp310-win_amd64.whl", hash = "sha256:0329b81e587f745b2fc6f3a488ea3188b0f029c3b5feef43792a25eaac84ac01", size = 12283288, upload-time = "2025-09-16T10:21:40.732Z" },
    { url = "https://files.pythonhosted.org/packages/60/e9/b29cc5bceac52e049b20d613551a2171a092df07f26d4315f3f9651c80d4/duckdb-1.4.0-cp311-cp311-macosx_10_9_universal2.whl", hash = "sha256:6505fed1ccae8df9f574e744c48fa32ee2feaeebe5346c2daf4d4d10a8dac5aa", size = 31290878, upload-time = "2025-09-16T10:21:43.256Z" },
    { url = "https://files.pythonhosted.org/packages/1f/68/d88a15dba48bf6a4b33f1be5097ef45c83f7b9e97c854cc638a85bb07d70/duckdb-1.4.0-cp311-cp311-macosx_10_9_x86_64.whl", hash = "sha256:36974a04b29c74ac2143457e95420a7422016d050e28573060b89a90b9cf2b57", size = 17288823, upload-time = "2025-09-16T10:21:45.716Z" },
    { url = "https://files.pythonhosted.org/packages/8c/7e/e3d2101dc6bbd60f2b3c1d748351ff541fc8c48790ac1218c0199cb930f6/duckdb-1.4.0-cp311-cp311-macosx_11_0_arm64.whl", hash = "sha256:90484b896e5059f145d1facfabea38e22c54a2dcc2bd62dd6c290423f0aee258", size = 14819684, upload-time = "2025-09-16T10:21:48.117Z" },
    { url = "https://files.pythonhosted.org/packages/c4/bb/4ec8e4d03cb5b77d75b9ee0057c2c714cffaa9bda1e55ffec833458af0a3/duckdb-1.4.0-cp311-cp311-manylinux_2_27_aarch64.manylinux_2_28_aarch64.whl", hash = "sha256:a969d624b385853b31a43b0a23089683297da2f14846243921c6dbec8382d659", size = 18410075, upload-time = "2025-09-16T10:21:50.517Z" },
    { url = "https://files.pythonhosted.org/packages/ec/21/e896616d892d50dc1e0c142428e9359b483d4dd6e339231d822e57834ad3/duckdb-1.4.0-cp311-cp311-manylinux_2_27_x86_64.manylinux_2_28_x86_64.whl", hash = "sha256:5935644f96a75e9f6f3c3eeb3da14cdcaf7bad14d1199c08439103decb29466a", size = 20402984, upload-time = "2025-09-16T10:21:52.808Z" },
    { url = "https://files.pythonhosted.org/packages/c4/c0/b5eb9497e4a9167d23fbad745969eaa36e28d346648e17565471892d1b33/duckdb-1.4.0-cp311-cp311-win_amd64.whl", hash = "sha256:300aa0e963af97969c38440877fffd576fc1f49c1f5914789a9d01f2fe7def91", size = 12282971, upload-time = "2025-09-16T10:21:55.314Z" },
    { url = "https://files.pythonhosted.org/packages/e8/6d/0c774d6af1aed82dbe855d266cb000a1c09ea31ed7d6c3a79e2167a38e7a/duckdb-1.4.0-cp312-cp312-macosx_10_13_universal2.whl", hash = "sha256:18b3a048fca6cc7bafe08b10e1b0ab1509d7a0381ffb2c70359e7dc56d8a705d", size = 31307425, upload-time = "2025-09-16T10:21:57.83Z" },
    { url = "https://files.pythonhosted.org/packages/d3/c0/1fd7b7b2c0c53d8d748d2f28ea9096df5ee9dc39fa736cca68acabe69656/duckdb-1.4.0-cp312-cp312-macosx_10_13_x86_64.whl", hash = "sha256:2c1271cb85aeacccfd0b1284e816280a7450df1dd4dd85ccb2848563cfdf90e9", size = 17295727, upload-time = "2025-09-16T10:22:02.242Z" },
    { url = "https://files.pythonhosted.org/packages/98/d3/4d4c4bd667b7ada5f6c207c2f127591ebb8468333f207f8f10ff0532578e/duckdb-1.4.0-cp312-cp312-macosx_11_0_arm64.whl", hash = "sha256:55064dd2e25711eeaa6a72c25405bdd7994c81a3221657e94309a2faf65d25a6", size = 14826879, upload-time = "2025-09-16T10:22:05.162Z" },
    { url = "https://files.pythonhosted.org/packages/b0/48/e0c1b97d76fb7567c53db5739931323238fad54a642707008104f501db37/duckdb-1.4.0-cp312-cp312-manylinux_2_27_aarch64.manylinux_2_28_aarch64.whl", hash = "sha256:0536d7c81bc506532daccf373ddbc8c6add46aeb70ef3cd5ee70ad5c2b3165ea", size = 18417856, upload-time = "2025-09-16T10:22:07.919Z" },
    { url = "https://files.pythonhosted.org/packages/12/78/297b838f3b9511589badc8f472f70b31cf3bbf9eb99fa0a4d6e911d3114a/duckdb-1.4.0-cp312-cp312-manylinux_2_27_x86_64.manylinux_2_28_x86_64.whl", hash = "sha256:784554e3ddfcfc5c5c7b1aa1f9925fedb7938f6628729adba48f7ea37554598f", size = 20427154, upload-time = "2025-09-16T10:22:10.216Z" },
    { url = "https://files.pythonhosted.org/packages/ea/57/500d251b886494f6c52d56eeab8a1860572ee62aed05d7d50c71ba2320f3/duckdb-1.4.0-cp312-cp312-win_amd64.whl", hash = "sha256:c5d2aa4d6981f525ada95e6db41bb929403632bb5ff24bd6d6dd551662b1b613", size = 12290108, upload-time = "2025-09-16T10:22:12.668Z" },
    { url = "https://files.pythonhosted.org/packages/2f/64/ee22b2b8572746e1523143b9f28d606575782e0204de5020656a1d15dd14/duckdb-1.4.0-cp313-cp313-macosx_10_13_universal2.whl", hash = "sha256:1d94d010a09b1a62d9021a2a71cf266188750f3c9b1912ccd6afe104a6ce8010", size = 31307662, upload-time = "2025-09-16T10:22:14.9Z" },
    { url = "https://files.pythonhosted.org/packages/76/2e/4241cd00046ca6b781bd1d9002e8223af061e85d1cc21830aa63e7a7db7c/duckdb-1.4.0-cp313-cp313-macosx_10_13_x86_64.whl", hash = "sha256:c61756fa8b3374627e5fa964b8e0d5b58e364dce59b87dba7fb7bc6ede196b26", size = 17295617, upload-time = "2025-09-16T10:22:17.239Z" },
    { url = "https://files.pythonhosted.org/packages/f7/98/5ab136bc7b12ac18580350a220db7c00606be9eac2d89de259cce733f64c/duckdb-1.4.0-cp313-cp313-macosx_11_0_arm64.whl", hash = "sha256:e70d7d9881ea2c0836695de70ea68c970e18a2856ba3d6502e276c85bd414ae7", size = 14826727, upload-time = "2025-09-16T10:22:19.415Z" },
    { url = "https://files.pythonhosted.org/packages/23/32/57866cf8881288b3dfb9212720221fb890daaa534dbdc6fe3fff3979ecd1/duckdb-1.4.0-cp313-cp313-manylinux_2_27_aarch64.manylinux_2_28_aarch64.whl", hash = "sha256:2de258a93435c977a0ec3a74ec8f60c2f215ddc73d427ee49adc4119558facd3", size = 18421289, upload-time = "2025-09-16T10:22:21.564Z" },
    { url = "https://files.pythonhosted.org/packages/a0/83/7438fb43be451a7d4a04650aaaf662b2ff2d95895bbffe3e0e28cbe030c9/duckdb-1.4.0-cp313-cp313-manylinux_2_27_x86_64.manylinux_2_28_x86_64.whl", hash = "sha256:a6d3659641d517dd9ed1ab66f110cdbdaa6900106f116effaf2dbedd83c38de3", size = 20426547, upload-time = "2025-09-16T10:22:23.759Z" },
    { url = "https://files.pythonhosted.org/packages/21/b2/98fb89ae81611855f35984e96f648d871f3967bb3f524b51d1372d052f0c/duckdb-1.4.0-cp313-cp313-win_amd64.whl", hash = "sha256:07fcc612ea5f0fe6032b92bcc93693034eb00e7a23eb9146576911d5326af4f7", size = 12290467, upload-time = "2025-09-16T10:22:25.923Z" },
    { url = "https://files.pythonhosted.org/packages/8d/42/0f355319b3e8ee1703d0e17378dd829db391434306621f85c110134f2763/duckdb-1.4.0-cp39-cp39-macosx_10_9_universal2.whl", hash = "sha256:1c97ee61c582002b654331f7fd967d6b1e83bf7fdb0772f409dfd4b6af3a70f4", size = 31292373, upload-time = "2025-09-16T10:22:28.118Z" },
    { url = "https://files.pythonhosted.org/packages/fd/52/091dbef5eb2ac4e60a9c6d38fcc7c7530a75fafa0f37658450e8731a265b/duckdb-1.4.0-cp39-cp39-macosx_10_9_x86_64.whl", hash = "sha256:74e3d6295355160df5d3588b880e8bcae23fdd6f573f538793a8a1abf4c2c29d", size = 17288145, upload-time = "2025-09-16T10:22:30.346Z" },
    { url = "https://files.pythonhosted.org/packages/c9/6c/879317d9c3ac7a2a1f0618ca536a48ebfa4b9fe202f9783e07070e168192/duckdb-1.4.0-cp39-cp39-macosx_11_0_arm64.whl", hash = "sha256:d0c76425e4ffe98069dd4fc4752ab919a4125dc0d176bb676b3065fdea152c42", size = 14816258, upload-time = "2025-09-16T10:22:32.442Z" },
    { url = "https://files.pythonhosted.org/packages/95/87/83ac8e67c0530b69fe39f91bbb7f3bd0a49b0c24216cffa9c5561fb2845c/duckdb-1.4.0-cp39-cp39-manylinux_2_27_aarch64.manylinux_2_28_aarch64.whl", hash = "sha256:9c122bd7d80ab5057f53024ee3922d7612a5cdc99583fae730990964aebc3fd4", size = 18391043, upload-time = "2025-09-16T10:22:34.616Z" },
    { url = "https://files.pythonhosted.org/packages/d6/01/1d70bd6c594ef915c004edc0f1119d1602173dc5ce91c1eed7368f6aab34/duckdb-1.4.0-cp39-cp39-manylinux_2_27_x86_64.manylinux_2_28_x86_64.whl", hash = "sha256:30689c1436bca723526be6102fe1f4f82ea6d4780fb9ca196bda7ed5ec227950", size = 20385348, upload-time = "2025-09-16T10:22:36.982Z" },
    { url = "https://files.pythonhosted.org/packages/b6/04/0650128cdcdc5208c4f51341a0a3f8db436ecaba51032c6065e20ea0baae/duckdb-1.4.0-cp39-cp39-win_amd64.whl", hash = "sha256:4c55a367c1296617cff89c5e1c7153f1dc3c3b556ef70711a45b0236515f80c2", size = 12283322, upload-time = "2025-09-16T10:22:39.388Z" },
]

[[package]]
name = "duckdb-engine"
version = "0.18.0"
source = { editable = "." }
dependencies = [
    { name = "duckdb" },
    { name = "packaging" },
    { name = "sqlalchemy" },
]

[package.metadata]
requires-dist = [
    { name = "duckdb", specifier = ">=1.4.0" },
    { name = "packaging", specifier = ">=21" },
    { name = "sqlalchemy", specifier = ">=1.3.22" },
]

[[package]]
name = "greenlet"
version = "3.2.4"
source = { registry = "https://pypi.org/simple" }
sdist = { url = "https://files.pythonhosted.org/packages/03/b8/704d753a5a45507a7aab61f18db9509302ed3d0a27ac7e0359ec2905b1a6/greenlet-3.2.4.tar.gz", hash = "sha256:0dca0d95ff849f9a364385f36ab49f50065d76964944638be9691e1832e9f86d", size = 188260, upload-time = "2025-08-07T13:24:33.51Z" }
wheels = [
    { url = "https://files.pythonhosted.org/packages/7d/ed/6bfa4109fcb23a58819600392564fea69cdc6551ffd5e69ccf1d52a40cbc/greenlet-3.2.4-cp310-cp310-macosx_11_0_universal2.whl", hash = "sha256:8c68325b0d0acf8d91dde4e6f930967dd52a5302cd4062932a6b2e7c2969f47c", size = 271061, upload-time = "2025-08-07T13:17:15.373Z" },
    { url = "https://files.pythonhosted.org/packages/2a/fc/102ec1a2fc015b3a7652abab7acf3541d58c04d3d17a8d3d6a44adae1eb1/greenlet-3.2.4-cp310-cp310-manylinux2014_aarch64.manylinux_2_17_aarch64.whl", hash = "sha256:94385f101946790ae13da500603491f04a76b6e4c059dab271b3ce2e283b2590", size = 629475, upload-time = "2025-08-07T13:42:54.009Z" },
    { url = "https://files.pythonhosted.org/packages/c5/26/80383131d55a4ac0fb08d71660fd77e7660b9db6bdb4e8884f46d9f2cc04/greenlet-3.2.4-cp310-cp310-manylinux2014_ppc64le.manylinux_2_17_ppc64le.whl", hash = "sha256:f10fd42b5ee276335863712fa3da6608e93f70629c631bf77145021600abc23c", size = 640802, upload-time = "2025-08-07T13:45:25.52Z" },
    { url = "https://files.pythonhosted.org/packages/9f/7c/e7833dbcd8f376f3326bd728c845d31dcde4c84268d3921afcae77d90d08/greenlet-3.2.4-cp310-cp310-manylinux2014_s390x.manylinux_2_17_s390x.whl", hash = "sha256:c8c9e331e58180d0d83c5b7999255721b725913ff6bc6cf39fa2a45841a4fd4b", size = 636703, upload-time = "2025-08-07T13:53:12.622Z" },
    { url = "https://files.pythonhosted.org/packages/e9/49/547b93b7c0428ede7b3f309bc965986874759f7d89e4e04aeddbc9699acb/greenlet-3.2.4-cp310-cp310-manylinux2014_x86_64.manylinux_2_17_x86_64.whl", hash = "sha256:58b97143c9cc7b86fc458f215bd0932f1757ce649e05b640fea2e79b54cedb31", size = 635417, upload-time = "2025-08-07T13:18:25.189Z" },
    { url = "https://files.pythonhosted.org/packages/7f/91/ae2eb6b7979e2f9b035a9f612cf70f1bf54aad4e1d125129bef1eae96f19/greenlet-3.2.4-cp310-cp310-manylinux_2_24_x86_64.manylinux_2_28_x86_64.whl", hash = "sha256:c2ca18a03a8cfb5b25bc1cbe20f3d9a4c80d8c3b13ba3df49ac3961af0b1018d", size = 584358, upload-time = "2025-08-07T13:18:23.708Z" },
    { url = "https://files.pythonhosted.org/packages/f7/85/433de0c9c0252b22b16d413c9407e6cb3b41df7389afc366ca204dbc1393/greenlet-3.2.4-cp310-cp310-musllinux_1_1_aarch64.whl", hash = "sha256:9fe0a28a7b952a21e2c062cd5756d34354117796c6d9215a87f55e38d15402c5", size = 1113550, upload-time = "2025-08-07T13:42:37.467Z" },
    { url = "https://files.pythonhosted.org/packages/a1/8d/88f3ebd2bc96bf7747093696f4335a0a8a4c5acfcf1b757717c0d2474ba3/greenlet-3.2.4-cp310-cp310-musllinux_1_1_x86_64.whl", hash = "sha256:8854167e06950ca75b898b104b63cc646573aa5fef1353d4508ecdd1ee76254f", size = 1137126, upload-time = "2025-08-07T13:18:20.239Z" },
    { url = "https://files.pythonhosted.org/packages/d6/6f/b60b0291d9623c496638c582297ead61f43c4b72eef5e9c926ef4565ec13/greenlet-3.2.4-cp310-cp310-win_amd64.whl", hash = "sha256:73f49b5368b5359d04e18d15828eecc1806033db5233397748f4ca813ff1056c", size = 298654, upload-time = "2025-08-07T13:50:00.469Z" },
    { url = "https://files.pythonhosted.org/packages/a4/de/f28ced0a67749cac23fecb02b694f6473f47686dff6afaa211d186e2ef9c/greenlet-3.2.4-cp311-cp311-macosx_11_0_universal2.whl", hash = "sha256:96378df1de302bc38e99c3a9aa311967b7dc80ced1dcc6f171e99842987882a2", size = 272305, upload-time = "2025-08-07T13:15:41.288Z" },
    { url = "https://files.pythonhosted.org/packages/09/16/2c3792cba130000bf2a31c5272999113f4764fd9d874fb257ff588ac779a/greenlet-3.2.4-cp311-cp311-manylinux2014_aarch64.manylinux_2_17_aarch64.whl", hash = "sha256:1ee8fae0519a337f2329cb78bd7a8e128ec0f881073d43f023c7b8d4831d5246", size = 632472, upload-time = "2025-08-07T13:42:55.044Z" },
    { url = "https://files.pythonhosted.org/packages/ae/8f/95d48d7e3d433e6dae5b1682e4292242a53f22df82e6d3dda81b1701a960/greenlet-3.2.4-cp311-cp311-manylinux2014_ppc64le.manylinux_2_17_ppc64le.whl", hash = "sha256:94abf90142c2a18151632371140b3dba4dee031633fe614cb592dbb6c9e17bc3", size = 644646, upload-time = "2025-08-07T13:45:26.523Z" },
    { url = "https://files.pythonhosted.org/packages/d5/5e/405965351aef8c76b8ef7ad370e5da58d57ef6068df197548b015464001a/greenlet-3.2.4-cp311-cp311-manylinux2014_s390x.manylinux_2_17_s390x.whl", hash = "sha256:4d1378601b85e2e5171b99be8d2dc85f594c79967599328f95c1dc1a40f1c633", size = 640519, upload-time = "2025-08-07T13:53:13.928Z" },
    { url = "https://files.pythonhosted.org/packages/25/5d/382753b52006ce0218297ec1b628e048c4e64b155379331f25a7316eb749/greenlet-3.2.4-cp311-cp311-manylinux2014_x86_64.manylinux_2_17_x86_64.whl", hash = "sha256:0db5594dce18db94f7d1650d7489909b57afde4c580806b8d9203b6e79cdc079", size = 639707, upload-time = "2025-08-07T13:18:27.146Z" },
    { url = "https://files.pythonhosted.org/packages/1f/8e/abdd3f14d735b2929290a018ecf133c901be4874b858dd1c604b9319f064/greenlet-3.2.4-cp311-cp311-manylinux_2_24_x86_64.manylinux_2_28_x86_64.whl", hash = "sha256:2523e5246274f54fdadbce8494458a2ebdcdbc7b802318466ac5606d3cded1f8", size = 587684, upload-time = "2025-08-07T13:18:25.164Z" },
    { url = "https://files.pythonhosted.org/packages/5d/65/deb2a69c3e5996439b0176f6651e0052542bb6c8f8ec2e3fba97c9768805/greenlet-3.2.4-cp311-cp311-musllinux_1_1_aarch64.whl", hash = "sha256:1987de92fec508535687fb807a5cea1560f6196285a4cde35c100b8cd632cc52", size = 1116647, upload-time = "2025-08-07T13:42:38.655Z" },
    { url = "https://files.pythonhosted.org/packages/3f/cc/b07000438a29ac5cfb2194bfc128151d52f333cee74dd7dfe3fb733fc16c/greenlet-3.2.4-cp311-cp311-musllinux_1_1_x86_64.whl", hash = "sha256:55e9c5affaa6775e2c6b67659f3a71684de4c549b3dd9afca3bc773533d284fa", size = 1142073, upload-time = "2025-08-07T13:18:21.737Z" },
    { url = "https://files.pythonhosted.org/packages/d8/0f/30aef242fcab550b0b3520b8e3561156857c94288f0332a79928c31a52cf/greenlet-3.2.4-cp311-cp311-win_amd64.whl", hash = "sha256:9c40adce87eaa9ddb593ccb0fa6a07caf34015a29bf8d344811665b573138db9", size = 299100, upload-time = "2025-08-07T13:44:12.287Z" },
    { url = "https://files.pythonhosted.org/packages/44/69/9b804adb5fd0671f367781560eb5eb586c4d495277c93bde4307b9e28068/greenlet-3.2.4-cp312-cp312-macosx_11_0_universal2.whl", hash = "sha256:3b67ca49f54cede0186854a008109d6ee71f66bd57bb36abd6d0a0267b540cdd", size = 274079, upload-time = "2025-08-07T13:15:45.033Z" },
    { url = "https://files.pythonhosted.org/packages/46/e9/d2a80c99f19a153eff70bc451ab78615583b8dac0754cfb942223d2c1a0d/greenlet-3.2.4-cp312-cp312-manylinux2014_aarch64.manylinux_2_17_aarch64.whl", hash = "sha256:ddf9164e7a5b08e9d22511526865780a576f19ddd00d62f8a665949327fde8bb", size = 640997, upload-time = "2025-08-07T13:42:56.234Z" },
    { url = "https://files.pythonhosted.org/packages/3b/16/035dcfcc48715ccd345f3a93183267167cdd162ad123cd93067d86f27ce4/greenlet-3.2.4-cp312-cp312-manylinux2014_ppc64le.manylinux_2_17_ppc64le.whl", hash = "sha256:f28588772bb5fb869a8eb331374ec06f24a83a9c25bfa1f38b6993afe9c1e968", size = 655185, upload-time = "2025-08-07T13:45:27.624Z" },
    { url = "https://files.pythonhosted.org/packages/31/da/0386695eef69ffae1ad726881571dfe28b41970173947e7c558d9998de0f/greenlet-3.2.4-cp312-cp312-manylinux2014_s390x.manylinux_2_17_s390x.whl", hash = "sha256:5c9320971821a7cb77cfab8d956fa8e39cd07ca44b6070db358ceb7f8797c8c9", size = 649926, upload-time = "2025-08-07T13:53:15.251Z" },
    { url = "https://files.pythonhosted.org/packages/68/88/69bf19fd4dc19981928ceacbc5fd4bb6bc2215d53199e367832e98d1d8fe/greenlet-3.2.4-cp312-cp312-manylinux2014_x86_64.manylinux_2_17_x86_64.whl", hash = "sha256:c60a6d84229b271d44b70fb6e5fa23781abb5d742af7b808ae3f6efd7c9c60f6", size = 651839, upload-time = "2025-08-07T13:18:30.281Z" },
    { url = "https://files.pythonhosted.org/packages/19/0d/6660d55f7373b2ff8152401a83e02084956da23ae58cddbfb0b330978fe9/greenlet-3.2.4-cp312-cp312-manylinux_2_24_x86_64.manylinux_2_28_x86_64.whl", hash = "sha256:3b3812d8d0c9579967815af437d96623f45c0f2ae5f04e366de62a12d83a8fb0", size = 607586, upload-time = "2025-08-07T13:18:28.544Z" },
    { url = "https://files.pythonhosted.org/packages/8e/1a/c953fdedd22d81ee4629afbb38d2f9d71e37d23caace44775a3a969147d4/greenlet-3.2.4-cp312-cp312-musllinux_1_1_aarch64.whl", hash = "sha256:abbf57b5a870d30c4675928c37278493044d7c14378350b3aa5d484fa65575f0", size = 1123281, upload-time = "2025-08-07T13:42:39.858Z" },
    { url = "https://files.pythonhosted.org/packages/3f/c7/12381b18e21aef2c6bd3a636da1088b888b97b7a0362fac2e4de92405f97/greenlet-3.2.4-cp312-cp312-musllinux_1_1_x86_64.whl", hash = "sha256:20fb936b4652b6e307b8f347665e2c615540d4b42b3b4c8a321d8286da7e520f", size = 1151142, upload-time = "2025-08-07T13:18:22.981Z" },
    { url = "https://files.pythonhosted.org/packages/e9/08/b0814846b79399e585f974bbeebf5580fbe59e258ea7be64d9dfb253c84f/greenlet-3.2.4-cp312-cp312-win_amd64.whl", hash = "sha256:a7d4e128405eea3814a12cc2605e0e6aedb4035bf32697f72deca74de4105e02", size = 299899, upload-time = "2025-08-07T13:38:53.448Z" },
    { url = "https://files.pythonhosted.org/packages/49/e8/58c7f85958bda41dafea50497cbd59738c5c43dbbea5ee83d651234398f4/greenlet-3.2.4-cp313-cp313-macosx_11_0_universal2.whl", hash = "sha256:1a921e542453fe531144e91e1feedf12e07351b1cf6c9e8a3325ea600a715a31", size = 272814, upload-time = "2025-08-07T13:15:50.011Z" },
    { url = "https://files.pythonhosted.org/packages/62/dd/b9f59862e9e257a16e4e610480cfffd29e3fae018a68c2332090b53aac3d/greenlet-3.2.4-cp313-cp313-manylinux2014_aarch64.manylinux_2_17_aarch64.whl", hash = "sha256:cd3c8e693bff0fff6ba55f140bf390fa92c994083f838fece0f63be121334945", size = 641073, upload-time = "2025-08-07T13:42:57.23Z" },
    { url = "https://files.pythonhosted.org/packages/f7/0b/bc13f787394920b23073ca3b6c4a7a21396301ed75a655bcb47196b50e6e/greenlet-3.2.4-cp313-cp313-manylinux2014_ppc64le.manylinux_2_17_ppc64le.whl", hash = "sha256:710638eb93b1fa52823aa91bf75326f9ecdfd5e0466f00789246a5280f4ba0fc", size = 655191, upload-time = "2025-08-07T13:45:29.752Z" },
    { url = "https://files.pythonhosted.org/packages/f2/d6/6adde57d1345a8d0f14d31e4ab9c23cfe8e2cd39c3baf7674b4b0338d266/greenlet-3.2.4-cp313-cp313-manylinux2014_s390x.manylinux_2_17_s390x.whl", hash = "sha256:c5111ccdc9c88f423426df3fd1811bfc40ed66264d35aa373420a34377efc98a", size = 649516, upload-time = "2025-08-07T13:53:16.314Z" },
    { url = "https://files.pythonhosted.org/packages/7f/3b/3a3328a788d4a473889a2d403199932be55b1b0060f4ddd96ee7cdfcad10/greenlet-3.2.4-cp313-cp313-manylinux2014_x86_64.manylinux_2_17_x86_64.whl", hash = "sha256:d76383238584e9711e20ebe14db6c88ddcedc1829a9ad31a584389463b5aa504", size = 652169, upload-time = "2025-08-07T13:18:32.861Z" },
    { url = "https://files.pythonhosted.org/packages/ee/43/3cecdc0349359e1a527cbf2e3e28e5f8f06d3343aaf82ca13437a9aa290f/greenlet-3.2.4-cp313-cp313-manylinux_2_24_x86_64.manylinux_2_28_x86_64.whl", hash = "sha256:23768528f2911bcd7e475210822ffb5254ed10d71f4028387e5a99b4c6699671", size = 610497, upload-time = "2025-08-07T13:18:31.636Z" },
    { url = "https://files.pythonhosted.org/packages/b8/19/06b6cf5d604e2c382a6f31cafafd6f33d5dea706f4db7bdab184bad2b21d/greenlet-3.2.4-cp313-cp313-musllinux_1_1_aarch64.whl", hash = "sha256:00fadb3fedccc447f517ee0d3fd8fe49eae949e1cd0f6a611818f4f6fb7dc83b", size = 1121662, upload-time = "2025-08-07T13:42:41.117Z" },
    { url = "https://files.pythonhosted.org/packages/a2/15/0d5e4e1a66fab130d98168fe984c509249c833c1a3c16806b90f253ce7b9/greenlet-3.2.4-cp313-cp313-musllinux_1_1_x86_64.whl", hash = "sha256:d25c5091190f2dc0eaa3f950252122edbbadbb682aa7b1ef2f8af0f8c0afefae", size = 1149210, upload-time = "2025-08-07T13:18:24.072Z" },
    { url = "https://files.pythonhosted.org/packages/0b/55/2321e43595e6801e105fcfdee02b34c0f996eb71e6ddffca6b10b7e1d771/greenlet-3.2.4-cp313-cp313-win_amd64.whl", hash = "sha256:554b03b6e73aaabec3745364d6239e9e012d64c68ccd0b8430c64ccc14939a8b", size = 299685, upload-time = "2025-08-07T13:24:38.824Z" },
    { url = "https://files.pythonhosted.org/packages/22/5c/85273fd7cc388285632b0498dbbab97596e04b154933dfe0f3e68156c68c/greenlet-3.2.4-cp314-cp314-macosx_11_0_universal2.whl", hash = "sha256:49a30d5fda2507ae77be16479bdb62a660fa51b1eb4928b524975b3bde77b3c0", size = 273586, upload-time = "2025-08-07T13:16:08.004Z" },
    { url = "https://files.pythonhosted.org/packages/d1/75/10aeeaa3da9332c2e761e4c50d4c3556c21113ee3f0afa2cf5769946f7a3/greenlet-3.2.4-cp314-cp314-manylinux2014_aarch64.manylinux_2_17_aarch64.whl", hash = "sha256:299fd615cd8fc86267b47597123e3f43ad79c9d8a22bebdce535e53550763e2f", size = 686346, upload-time = "2025-08-07T13:42:59.944Z" },
    { url = "https://files.pythonhosted.org/packages/c0/aa/687d6b12ffb505a4447567d1f3abea23bd20e73a5bed63871178e0831b7a/greenlet-3.2.4-cp314-cp314-manylinux2014_ppc64le.manylinux_2_17_ppc64le.whl", hash = "sha256:c17b6b34111ea72fc5a4e4beec9711d2226285f0386ea83477cbb97c30a3f3a5", size = 699218, upload-time = "2025-08-07T13:45:30.969Z" },
    { url = "https://files.pythonhosted.org/packages/dc/8b/29aae55436521f1d6f8ff4e12fb676f3400de7fcf27fccd1d4d17fd8fecd/greenlet-3.2.4-cp314-cp314-manylinux2014_s390x.manylinux_2_17_s390x.whl", hash = "sha256:b4a1870c51720687af7fa3e7cda6d08d801dae660f75a76f3845b642b4da6ee1", size = 694659, upload-time = "2025-08-07T13:53:17.759Z" },
    { url = "https://files.pythonhosted.org/packages/92/2e/ea25914b1ebfde93b6fc4ff46d6864564fba59024e928bdc7de475affc25/greenlet-3.2.4-cp314-cp314-manylinux2014_x86_64.manylinux_2_17_x86_64.whl", hash = "sha256:061dc4cf2c34852b052a8620d40f36324554bc192be474b9e9770e8c042fd735", size = 695355, upload-time = "2025-08-07T13:18:34.517Z" },
    { url = "https://files.pythonhosted.org/packages/72/60/fc56c62046ec17f6b0d3060564562c64c862948c9d4bc8aa807cf5bd74f4/greenlet-3.2.4-cp314-cp314-manylinux_2_24_x86_64.manylinux_2_28_x86_64.whl", hash = "sha256:44358b9bf66c8576a9f57a590d5f5d6e72fa4228b763d0e43fee6d3b06d3a337", size = 657512, upload-time = "2025-08-07T13:18:33.969Z" },
    { url = "https://files.pythonhosted.org/packages/e3/a5/6ddab2b4c112be95601c13428db1d8b6608a8b6039816f2ba09c346c08fc/greenlet-3.2.4-cp314-cp314-win_amd64.whl", hash = "sha256:e37ab26028f12dbb0ff65f29a8d3d44a765c61e729647bf2ddfbbed621726f01", size = 303425, upload-time = "2025-08-07T13:32:27.59Z" },
    { url = "https://files.pythonhosted.org/packages/f7/c0/93885c4106d2626bf51fdec377d6aef740dfa5c4877461889a7cf8e565cc/greenlet-3.2.4-cp39-cp39-macosx_11_0_universal2.whl", hash = "sha256:b6a7c19cf0d2742d0809a4c05975db036fdff50cd294a93632d6a310bf9ac02c", size = 269859, upload-time = "2025-08-07T13:16:16.003Z" },
    { url = "https://files.pythonhosted.org/packages/4d/f5/33f05dc3ba10a02dedb1485870cf81c109227d3d3aa280f0e48486cac248/greenlet-3.2.4-cp39-cp39-manylinux2014_aarch64.manylinux_2_17_aarch64.whl", hash = "sha256:27890167f55d2387576d1f41d9487ef171849ea0359ce1510ca6e06c8bece11d", size = 627610, upload-time = "2025-08-07T13:43:01.345Z" },
    { url = "https://files.pythonhosted.org/packages/b2/a7/9476decef51a0844195f99ed5dc611d212e9b3515512ecdf7321543a7225/greenlet-3.2.4-cp39-cp39-manylinux2014_ppc64le.manylinux_2_17_ppc64le.whl", hash = "sha256:18d9260df2b5fbf41ae5139e1be4e796d99655f023a636cd0e11e6406cca7d58", size = 639417, upload-time = "2025-08-07T13:45:32.094Z" },
    { url = "https://files.pythonhosted.org/packages/bd/e0/849b9159cbb176f8c0af5caaff1faffdece7a8417fcc6fe1869770e33e21/greenlet-3.2.4-cp39-cp39-manylinux2014_s390x.manylinux_2_17_s390x.whl", hash = "sha256:671df96c1f23c4a0d4077a325483c1503c96a1b7d9db26592ae770daa41233d4", size = 634751, upload-time = "2025-08-07T13:53:18.848Z" },
    { url = "https://files.pythonhosted.org/packages/5f/d3/844e714a9bbd39034144dca8b658dcd01839b72bb0ec7d8014e33e3705f0/greenlet-3.2.4-cp39-cp39-manylinux2014_x86_64.manylinux_2_17_x86_64.whl", hash = "sha256:16458c245a38991aa19676900d48bd1a6f2ce3e16595051a4db9d012154e8433", size = 634020, upload-time = "2025-08-07T13:18:36.841Z" },
    { url = "https://files.pythonhosted.org/packages/6b/4c/f3de2a8de0e840ecb0253ad0dc7e2bb3747348e798ec7e397d783a3cb380/greenlet-3.2.4-cp39-cp39-manylinux_2_24_x86_64.manylinux_2_28_x86_64.whl", hash = "sha256:c9913f1a30e4526f432991f89ae263459b1c64d1608c0d22a5c79c287b3c70df", size = 582817, upload-time = "2025-08-07T13:18:35.48Z" },
    { url = "https://files.pythonhosted.org/packages/89/80/7332915adc766035c8980b161c2e5d50b2f941f453af232c164cff5e0aeb/greenlet-3.2.4-cp39-cp39-musllinux_1_1_aarch64.whl", hash = "sha256:b90654e092f928f110e0007f572007c9727b5265f7632c2fa7415b4689351594", size = 1111985, upload-time = "2025-08-07T13:42:42.425Z" },
    { url = "https://files.pythonhosted.org/packages/66/71/1928e2c80197353bcb9b50aa19c4d8e26ee6d7a900c564907665cf4b9a41/greenlet-3.2.4-cp39-cp39-musllinux_1_1_x86_64.whl", hash = "sha256:81701fd84f26330f0d5f4944d4e92e61afe6319dcd9775e39396e39d7c3e5f98", size = 1136137, upload-time = "2025-08-07T13:18:26.168Z" },
    { url = "https://files.pythonhosted.org/packages/89/48/a5dc74dde38aeb2b15d418cec76ed50e1dd3d620ccda84d8199703248968/greenlet-3.2.4-cp39-cp39-win32.whl", hash = "sha256:65458b409c1ed459ea899e939f0e1cdb14f58dbc803f2f93c5eab5694d32671b", size = 281400, upload-time = "2025-08-07T14:02:20.263Z" },
    { url = "https://files.pythonhosted.org/packages/e5/44/342c4591db50db1076b8bda86ed0ad59240e3e1da17806a4cf10a6d0e447/greenlet-3.2.4-cp39-cp39-win_amd64.whl", hash = "sha256:d2e685ade4dafd447ede19c31277a224a239a0a1a4eca4e6390efedf20260cfb", size = 298533, upload-time = "2025-08-07T13:56:34.168Z" },
]

[[package]]
name = "packaging"
version = "25.0"
source = { registry = "https://pypi.org/simple" }
sdist = { url = "https://files.pythonhosted.org/packages/a1/d4/1fc4078c65507b51b96ca8f8c3ba19e6a61c8253c72794544580a7b6c24d/packaging-25.0.tar.gz", hash = "sha256:d443872c98d677bf60f6a1f2f8c1cb748e8fe762d2bf9d3148b5599295b0fc4f", size = 165727, upload-time = "2025-04-19T11:48:59.673Z" }
wheels = [
    { url = "https://files.pythonhosted.org/packages/20/12/38679034af332785aac8774540895e234f4d07f7545804097de4b666afd8/packaging-25.0-py3-none-any.whl", hash = "sha256:29572ef2b1f17581046b3a2227d5c611fb25ec70ca1ba8554b24b0e69331a484", size = 66469, upload-time = "2025-04-19T11:48:57.875Z" },
]

[[package]]
name = "sqlalchemy"
version = "2.0.43"
source = { registry = "https://pypi.org/simple" }
dependencies = [
    { name = "greenlet", marker = "(python_full_version < '3.14' and platform_machine == 'AMD64') or (python_full_version < '3.14' and platform_machine == 'WIN32') or (python_full_version < '3.14' and platform_machine == 'aarch64') or (python_full_version < '3.14' and platform_machine == 'amd64') or (python_full_version < '3.14' and platform_machine == 'ppc64le') or (python_full_version < '3.14' and platform_machine == 'win32') or (python_full_version < '3.14' and platform_machine == 'x86_64')" },
    { name = "typing-extensions" },
]
sdist = { url = "https://files.pythonhosted.org/packages/d7/bc/d59b5d97d27229b0e009bd9098cd81af71c2fa5549c580a0a67b9bed0496/sqlalchemy-2.0.43.tar.gz", hash = "sha256:788bfcef6787a7764169cfe9859fe425bf44559619e1d9f56f5bddf2ebf6f417", size = 9762949, upload-time = "2025-08-11T14:24:58.438Z" }
wheels = [
    { url = "https://files.pythonhosted.org/packages/8f/4e/985f7da36f09592c5ade99321c72c15101d23c0bb7eecfd1daaca5714422/sqlalchemy-2.0.43-cp310-cp310-macosx_10_9_x86_64.whl", hash = "sha256:70322986c0c699dca241418fcf18e637a4369e0ec50540a2b907b184c8bca069", size = 2133162, upload-time = "2025-08-11T15:52:17.854Z" },
    { url = "https://files.pythonhosted.org/packages/37/34/798af8db3cae069461e3bc0898a1610dc469386a97048471d364dc8aae1c/sqlalchemy-2.0.43-cp310-cp310-macosx_11_0_arm64.whl", hash = "sha256:87accdbba88f33efa7b592dc2e8b2a9c2cdbca73db2f9d5c510790428c09c154", size = 2123082, upload-time = "2025-08-11T15:52:19.181Z" },
    { url = "https://files.pythonhosted.org/packages/fb/0f/79cf4d9dad42f61ec5af1e022c92f66c2d110b93bb1dc9b033892971abfa/sqlalchemy-2.0.43-cp310-cp310-manylinux_2_17_aarch64.manylinux2014_aarch64.whl", hash = "sha256:c00e7845d2f692ebfc7d5e4ec1a3fd87698e4337d09e58d6749a16aedfdf8612", size = 3208871, upload-time = "2025-08-11T15:50:30.656Z" },
    { url = "https://files.pythonhosted.org/packages/56/b3/59befa58fb0e1a9802c87df02344548e6d007e77e87e6084e2131c29e033/sqlalchemy-2.0.43-cp310-cp310-manylinux_2_17_x86_64.manylinux2014_x86_64.whl", hash = "sha256:022e436a1cb39b13756cf93b48ecce7aa95382b9cfacceb80a7d263129dfd019", size = 3209583, upload-time = "2025-08-11T15:57:47.697Z" },
    { url = "https://files.pythonhosted.org/packages/29/d2/124b50c0eb8146e8f0fe16d01026c1a073844f0b454436d8544fe9b33bd7/sqlalchemy-2.0.43-cp310-cp310-musllinux_1_2_aarch64.whl", hash = "sha256:c5e73ba0d76eefc82ec0219d2301cb33bfe5205ed7a2602523111e2e56ccbd20", size = 3148177, upload-time = "2025-08-11T15:50:32.078Z" },
    { url = "https://files.pythonhosted.org/packages/83/f5/e369cd46aa84278107624617034a5825fedfc5c958b2836310ced4d2eadf/sqlalchemy-2.0.43-cp310-cp310-musllinux_1_2_x86_64.whl", hash = "sha256:9c2e02f06c68092b875d5cbe4824238ab93a7fa35d9c38052c033f7ca45daa18", size = 3172276, upload-time = "2025-08-11T15:57:49.477Z" },
    { url = "https://files.pythonhosted.org/packages/de/2b/4602bf4c3477fa4c837c9774e6dd22e0389fc52310c4c4dfb7e7ba05e90d/sqlalchemy-2.0.43-cp310-cp310-win32.whl", hash = "sha256:e7a903b5b45b0d9fa03ac6a331e1c1d6b7e0ab41c63b6217b3d10357b83c8b00", size = 2101491, upload-time = "2025-08-11T15:54:59.191Z" },
    { url = "https://files.pythonhosted.org/packages/38/2d/bfc6b6143adef553a08295490ddc52607ee435b9c751c714620c1b3dd44d/sqlalchemy-2.0.43-cp310-cp310-win_amd64.whl", hash = "sha256:4bf0edb24c128b7be0c61cd17eef432e4bef507013292415f3fb7023f02b7d4b", size = 2125148, upload-time = "2025-08-11T15:55:00.593Z" },
    { url = "https://files.pythonhosted.org/packages/9d/77/fa7189fe44114658002566c6fe443d3ed0ec1fa782feb72af6ef7fbe98e7/sqlalchemy-2.0.43-cp311-cp311-macosx_10_9_x86_64.whl", hash = "sha256:52d9b73b8fb3e9da34c2b31e6d99d60f5f99fd8c1225c9dad24aeb74a91e1d29", size = 2136472, upload-time = "2025-08-11T15:52:21.789Z" },
    { url = "https://files.pythonhosted.org/packages/99/ea/92ac27f2fbc2e6c1766bb807084ca455265707e041ba027c09c17d697867/sqlalchemy-2.0.43-cp311-cp311-macosx_11_0_arm64.whl", hash = "sha256:f42f23e152e4545157fa367b2435a1ace7571cab016ca26038867eb7df2c3631", size = 2126535, upload-time = "2025-08-11T15:52:23.109Z" },
    { url = "https://files.pythonhosted.org/packages/94/12/536ede80163e295dc57fff69724caf68f91bb40578b6ac6583a293534849/sqlalchemy-2.0.43-cp311-cp311-manylinux_2_17_aarch64.manylinux2014_aarch64.whl", hash = "sha256:4fb1a8c5438e0c5ea51afe9c6564f951525795cf432bed0c028c1cb081276685", size = 3297521, upload-time = "2025-08-11T15:50:33.536Z" },
    { url = "https://files.pythonhosted.org/packages/03/b5/cacf432e6f1fc9d156eca0560ac61d4355d2181e751ba8c0cd9cb232c8c1/sqlalchemy-2.0.43-cp311-cp311-manylinux_2_17_x86_64.manylinux2014_x86_64.whl", hash = "sha256:db691fa174e8f7036afefe3061bc40ac2b770718be2862bfb03aabae09051aca", size = 3297343, upload-time = "2025-08-11T15:57:51.186Z" },
    { url = "https://files.pythonhosted.org/packages/ca/ba/d4c9b526f18457667de4c024ffbc3a0920c34237b9e9dd298e44c7c00ee5/sqlalchemy-2.0.43-cp311-cp311-musllinux_1_2_aarch64.whl", hash = "sha256:fe2b3b4927d0bc03d02ad883f402d5de201dbc8894ac87d2e981e7d87430e60d", size = 3232113, upload-time = "2025-08-11T15:50:34.949Z" },
    { url = "https://files.pythonhosted.org/packages/aa/79/c0121b12b1b114e2c8a10ea297a8a6d5367bc59081b2be896815154b1163/sqlalchemy-2.0.43-cp311-cp311-musllinux_1_2_x86_64.whl", hash = "sha256:4d3d9b904ad4a6b175a2de0738248822f5ac410f52c2fd389ada0b5262d6a1e3", size = 3258240, upload-time = "2025-08-11T15:57:52.983Z" },
    { url = "https://files.pythonhosted.org/packages/79/99/a2f9be96fb382f3ba027ad42f00dbe30fdb6ba28cda5f11412eee346bec5/sqlalchemy-2.0.43-cp311-cp311-win32.whl", hash = "sha256:5cda6b51faff2639296e276591808c1726c4a77929cfaa0f514f30a5f6156921", size = 2101248, upload-time = "2025-08-11T15:55:01.855Z" },
    { url = "https://files.pythonhosted.org/packages/ee/13/744a32ebe3b4a7a9c7ea4e57babae7aa22070d47acf330d8e5a1359607f1/sqlalchemy-2.0.43-cp311-cp311-win_amd64.whl", hash = "sha256:c5d1730b25d9a07727d20ad74bc1039bbbb0a6ca24e6769861c1aa5bf2c4c4a8", size = 2126109, upload-time = "2025-08-11T15:55:04.092Z" },
    { url = "https://files.pythonhosted.org/packages/61/db/20c78f1081446095450bdc6ee6cc10045fce67a8e003a5876b6eaafc5cc4/sqlalchemy-2.0.43-cp312-cp312-macosx_10_13_x86_64.whl", hash = "sha256:20d81fc2736509d7a2bd33292e489b056cbae543661bb7de7ce9f1c0cd6e7f24", size = 2134891, upload-time = "2025-08-11T15:51:13.019Z" },
    { url = "https://files.pythonhosted.org/packages/45/0a/3d89034ae62b200b4396f0f95319f7d86e9945ee64d2343dcad857150fa2/sqlalchemy-2.0.43-cp312-cp312-macosx_11_0_arm64.whl", hash = "sha256:25b9fc27650ff5a2c9d490c13c14906b918b0de1f8fcbb4c992712d8caf40e83", size = 2123061, upload-time = "2025-08-11T15:51:14.319Z" },
    { url = "https://files.pythonhosted.org/packages/cb/10/2711f7ff1805919221ad5bee205971254845c069ee2e7036847103ca1e4c/sqlalchemy-2.0.43-cp312-cp312-manylinux_2_17_aarch64.manylinux2014_aarch64.whl", hash = "sha256:6772e3ca8a43a65a37c88e2f3e2adfd511b0b1da37ef11ed78dea16aeae85bd9", size = 3320384, upload-time = "2025-08-11T15:52:35.088Z" },
    { url = "https://files.pythonhosted.org/packages/6e/0e/3d155e264d2ed2778484006ef04647bc63f55b3e2d12e6a4f787747b5900/sqlalchemy-2.0.43-cp312-cp312-manylinux_2_17_x86_64.manylinux2014_x86_64.whl", hash = "sha256:1a113da919c25f7f641ffbd07fbc9077abd4b3b75097c888ab818f962707eb48", size = 3329648, upload-time = "2025-08-11T15:56:34.153Z" },
    { url = "https://files.pythonhosted.org/packages/5b/81/635100fb19725c931622c673900da5efb1595c96ff5b441e07e3dd61f2be/sqlalchemy-2.0.43-cp312-cp312-musllinux_1_2_aarch64.whl", hash = "sha256:4286a1139f14b7d70141c67a8ae1582fc2b69105f1b09d9573494eb4bb4b2687", size = 3258030, upload-time = "2025-08-11T15:52:36.933Z" },
    { url = "https://files.pythonhosted.org/packages/0c/ed/a99302716d62b4965fded12520c1cbb189f99b17a6d8cf77611d21442e47/sqlalchemy-2.0.43-cp312-cp312-musllinux_1_2_x86_64.whl", hash = "sha256:529064085be2f4d8a6e5fab12d36ad44f1909a18848fcfbdb59cc6d4bbe48efe", size = 3294469, upload-time = "2025-08-11T15:56:35.553Z" },
    { url = "https://files.pythonhosted.org/packages/5d/a2/3a11b06715149bf3310b55a98b5c1e84a42cfb949a7b800bc75cb4e33abc/sqlalchemy-2.0.43-cp312-cp312-win32.whl", hash = "sha256:b535d35dea8bbb8195e7e2b40059e2253acb2b7579b73c1b432a35363694641d", size = 2098906, upload-time = "2025-08-11T15:55:00.645Z" },
    { url = "https://files.pythonhosted.org/packages/bc/09/405c915a974814b90aa591280623adc6ad6b322f61fd5cff80aeaef216c9/sqlalchemy-2.0.43-cp312-cp312-win_amd64.whl", hash = "sha256:1c6d85327ca688dbae7e2b06d7d84cfe4f3fffa5b5f9e21bb6ce9d0e1a0e0e0a", size = 2126260, upload-time = "2025-08-11T15:55:02.965Z" },
    { url = "https://files.pythonhosted.org/packages/41/1c/a7260bd47a6fae7e03768bf66451437b36451143f36b285522b865987ced/sqlalchemy-2.0.43-cp313-cp313-macosx_10_13_x86_64.whl", hash = "sha256:e7c08f57f75a2bb62d7ee80a89686a5e5669f199235c6d1dac75cd59374091c3", size = 2130598, upload-time = "2025-08-11T15:51:15.903Z" },
    { url = "https://files.pythonhosted.org/packages/8e/84/8a337454e82388283830b3586ad7847aa9c76fdd4f1df09cdd1f94591873/sqlalchemy-2.0.43-cp313-cp313-macosx_11_0_arm64.whl", hash = "sha256:14111d22c29efad445cd5021a70a8b42f7d9152d8ba7f73304c4d82460946aaa", size = 2118415, upload-time = "2025-08-11T15:51:17.256Z" },
    { url = "https://files.pythonhosted.org/packages/cf/ff/22ab2328148492c4d71899d62a0e65370ea66c877aea017a244a35733685/sqlalchemy-2.0.43-cp313-cp313-manylinux_2_17_aarch64.manylinux2014_aarch64.whl", hash = "sha256:21b27b56eb2f82653168cefe6cb8e970cdaf4f3a6cb2c5e3c3c1cf3158968ff9", size = 3248707, upload-time = "2025-08-11T15:52:38.444Z" },
    { url = "https://files.pythonhosted.org/packages/dc/29/11ae2c2b981de60187f7cbc84277d9d21f101093d1b2e945c63774477aba/sqlalchemy-2.0.43-cp313-cp313-manylinux_2_17_x86_64.manylinux2014_x86_64.whl", hash = "sha256:9c5a9da957c56e43d72126a3f5845603da00e0293720b03bde0aacffcf2dc04f", size = 3253602, upload-time = "2025-08-11T15:56:37.348Z" },
    { url = "https://files.pythonhosted.org/packages/b8/61/987b6c23b12c56d2be451bc70900f67dd7d989d52b1ee64f239cf19aec69/sqlalchemy-2.0.43-cp313-cp313-musllinux_1_2_aarch64.whl", hash = "sha256:5d79f9fdc9584ec83d1b3c75e9f4595c49017f5594fee1a2217117647225d738", size = 3183248, upload-time = "2025-08-11T15:52:39.865Z" },
    { url = "https://files.pythonhosted.org/packages/86/85/29d216002d4593c2ce1c0ec2cec46dda77bfbcd221e24caa6e85eff53d89/sqlalchemy-2.0.43-cp313-cp313-musllinux_1_2_x86_64.whl", hash = "sha256:9df7126fd9db49e3a5a3999442cc67e9ee8971f3cb9644250107d7296cb2a164", size = 3219363, upload-time = "2025-08-11T15:56:39.11Z" },
    { url = "https://files.pythonhosted.org/packages/b6/e4/bd78b01919c524f190b4905d47e7630bf4130b9f48fd971ae1c6225b6f6a/sqlalchemy-2.0.43-cp313-cp313-win32.whl", hash = "sha256:7f1ac7828857fcedb0361b48b9ac4821469f7694089d15550bbcf9ab22564a1d", size = 2096718, upload-time = "2025-08-11T15:55:05.349Z" },
    { url = "https://files.pythonhosted.org/packages/ac/a5/ca2f07a2a201f9497de1928f787926613db6307992fe5cda97624eb07c2f/sqlalchemy-2.0.43-cp313-cp313-win_amd64.whl", hash = "sha256:971ba928fcde01869361f504fcff3b7143b47d30de188b11c6357c0505824197", size = 2123200, upload-time = "2025-08-11T15:55:07.932Z" },
    { url = "https://files.pythonhosted.org/packages/92/95/ddb5acf74a71e0fa4f9410c7d8555f169204ae054a49693b3cd31d0bf504/sqlalchemy-2.0.43-cp39-cp39-macosx_10_9_x86_64.whl", hash = "sha256:ceb5c832cc30663aeaf5e39657712f4c4241ad1f638d487ef7216258f6d41fe7", size = 2136445, upload-time = "2025-08-12T17:29:06.145Z" },
    { url = "https://files.pythonhosted.org/packages/ea/d4/7d7ea7dfbc1ddb0aa54dd63a686cd43842192b8e1bfb5315bb052925f704/sqlalchemy-2.0.43-cp39-cp39-macosx_11_0_arm64.whl", hash = "sha256:11f43c39b4b2ec755573952bbcc58d976779d482f6f832d7f33a8d869ae891bf", size = 2126411, upload-time = "2025-08-12T17:29:08.138Z" },
    { url = "https://files.pythonhosted.org/packages/07/bd/123ba09bec14112de10e49d8835e6561feb24fd34131099d98d28d34f106/sqlalchemy-2.0.43-cp39-cp39-manylinux_2_17_aarch64.manylinux2014_aarch64.whl", hash = "sha256:413391b2239db55be14fa4223034d7e13325a1812c8396ecd4f2c08696d5ccad", size = 3221776, upload-time = "2025-08-11T16:00:30.938Z" },
    { url = "https://files.pythonhosted.org/packages/ae/35/553e45d5b91b15980c13e1dbcd7591f49047589843fff903c086d7985afb/sqlalchemy-2.0.43-cp39-cp39-manylinux_2_17_x86_64.manylinux2014_x86_64.whl", hash = "sha256:c379e37b08c6c527181a397212346be39319fb64323741d23e46abd97a400d34", size = 3221665, upload-time = "2025-08-12T17:29:11.307Z" },
    { url = "https://files.pythonhosted.org/packages/07/4d/ff03e516087251da99bd879b5fdb2c697ff20295c836318dda988e12ec19/sqlalchemy-2.0.43-cp39-cp39-musllinux_1_2_aarch64.whl", hash = "sha256:03d73ab2a37d9e40dec4984d1813d7878e01dbdc742448d44a7341b7a9f408c7", size = 3160067, upload-time = "2025-08-11T16:00:33.148Z" },
    { url = "https://files.pythonhosted.org/packages/ae/88/cbc7caa186ecdc5dea013e9ccc00d78b93a6638dc39656a42369a9536458/sqlalchemy-2.0.43-cp39-cp39-musllinux_1_2_x86_64.whl", hash = "sha256:8cee08f15d9e238ede42e9bbc1d6e7158d0ca4f176e4eab21f88ac819ae3bd7b", size = 3184462, upload-time = "2025-08-12T17:29:14.919Z" },
    { url = "https://files.pythonhosted.org/packages/ab/69/f8bbd43080b6fa75cb44ff3a1cc99aaae538dd0ade1a58206912b2565d72/sqlalchemy-2.0.43-cp39-cp39-win32.whl", hash = "sha256:b3edaec7e8b6dc5cd94523c6df4f294014df67097c8217a89929c99975811414", size = 2104031, upload-time = "2025-08-11T15:48:56.453Z" },
    { url = "https://files.pythonhosted.org/packages/36/39/2ec1b0e7a4f44d833d924e7bfca8054c72e37eb73f4d02795d16d8b0230a/sqlalchemy-2.0.43-cp39-cp39-win_amd64.whl", hash = "sha256:227119ce0a89e762ecd882dc661e0aa677a690c914e358f0dd8932a2e8b2765b", size = 2128007, upload-time = "2025-08-11T15:48:57.872Z" },
    { url = "https://files.pythonhosted.org/packages/b8/d9/13bdde6521f322861fab67473cec4b1cc8999f3871953531cf61945fad92/sqlalchemy-2.0.43-py3-none-any.whl", hash = "sha256:1681c21dd2ccee222c2fe0bef671d1aef7c504087c9c4e800371cfcc8ac966fc", size = 1924759, upload-time = "2025-08-11T15:39:53.024Z" },
]

[[package]]
name = "typing-extensions"
version = "4.15.0"
source = { registry = "https://pypi.org/simple" }
sdist = { url = "https://files.pythonhosted.org/packages/72/94/1a15dd82efb362ac84269196e94cf00f187f7ed21c242792a923cdb1c61f/typing_extensions-4.15.0.tar.gz", hash = "sha256:0cea48d173cc12fa28ecabc3b837ea3cf6f38c6d1136f85cbaaf598984861466", size = 109391, upload-time = "2025-08-25T13:49:26.313Z" }
wheels = [
    { url = "https://files.pythonhosted.org/packages/18/67/36e9267722cc04a6b9f15c7f3441c2363321a3ea07da7ae0c0707beb2a9c/typing_extensions-4.15.0-py3-none-any.whl", hash = "sha256:f0fa19c6845758ab08074a0cfa8b7aecb71c999ca73d62883bc25cc018c4e548", size = 44614, upload-time = "2025-08-25T13:49:24.86Z" },
]
